// !$*UTF8*$!
{
	archiveVersion = 1;
	classes = {
	};
	objectVersion = 54;
	objects = {

/* Begin PBXBuildFile section */
		3E597E0D227BA6210092CA49 /* StarryExcusesConfigSheet.xib in Resources */ = {isa = PBXBuildFile; fileRef = 3E597E0C227BA6210092CA49 /* StarryExcusesConfigSheet.xib */; };
		3E597E0F227BA8780092CA49 /* StarryConfigSheetController.swift in Sources */ = {isa = PBXBuildFile; fileRef = 3E597E0E227BA8780092CA49 /* StarryConfigSheetController.swift */; };
		3E597E12227BD9C70092CA49 /* StarryDefaultsManager.swift in Sources */ = {isa = PBXBuildFile; fileRef = 3E597E10227BAE390092CA49 /* StarryDefaultsManager.swift */; };
		3EAA85FF22792D30009F5745 /* StarryExcuseForAView.swift in Sources */ = {isa = PBXBuildFile; fileRef = 3EAA85FE22792D30009F5745 /* StarryExcuseForAView.swift */; };
		3EAA860122795E14009F5745 /* Buildings.swift in Sources */ = {isa = PBXBuildFile; fileRef = 3EAA860022795E14009F5745 /* Buildings.swift */; };
		3EAA860322795E3C009F5745 /* Skyline.swift in Sources */ = {isa = PBXBuildFile; fileRef = 3EAA860222795E3C009F5745 /* Skyline.swift */; };
		3EAA860522795E4C009F5745 /* Points.swift in Sources */ = {isa = PBXBuildFile; fileRef = 3EAA860422795E4C009F5745 /* Points.swift */; };
		3EAA86072279605D009F5745 /* SkylineCoreRenderer.swift in Sources */ = {isa = PBXBuildFile; fileRef = 3EAA86062279605D009F5745 /* SkylineCoreRenderer.swift */; };
		A1B2C3D40000000100000001 /* Moon.swift in Sources */ = {isa = PBXBuildFile; fileRef = A1B2C3D30000000100000001 /* Moon.swift */; };
		F9104B3F2E54D3A0007322E2 /* aider-prompts.md in Resources */ = {isa = PBXBuildFile; fileRef = F9104B3E2E54D3A0007322E2 /* aider-prompts.md */; };
		F9104B472E54F27C007322E2 /* SatellitesLayerRenderer.swift in Sources */ = {isa = PBXBuildFile; fileRef = F9104B462E54F27C007322E2 /* SatellitesLayerRenderer.swift */; };
		F9295FE42E4E567500083F85 /* StarryEngine.swift in Sources */ = {isa = PBXBuildFile; fileRef = F9295FE32E4E567500083F85 /* StarryEngine.swift */; };
		F9295FE62E4E68BD00083F85 /* MoonLayerRenderer.swift in Sources */ = {isa = PBXBuildFile; fileRef = F9295FE52E4E68BD00083F85 /* MoonLayerRenderer.swift */; };
		F9295FE82E4FA78800083F85 /* ShootingStarsLayerRenderer.swift in Sources */ = {isa = PBXBuildFile; fileRef = F9295FE72E4FA78800083F85 /* ShootingStarsLayerRenderer.swift */; };
		F9E3C8F12E4D34D500FDBD91 /* MoonTexture.swift in Sources */ = {isa = PBXBuildFile; fileRef = F9E3C8F02E4D34D500FDBD91 /* MoonTexture.swift */; };
/* End PBXBuildFile section */

/* Begin PBXFileReference section */
		3E597E0C227BA6210092CA49 /* StarryExcusesConfigSheet.xib */ = {isa = PBXFileReference; lastKnownFileType = file.xib; path = StarryExcusesConfigSheet.xib; sourceTree = "<group>"; };
		3E597E0E227BA8780092CA49 /* StarryConfigSheetController.swift */ = {isa = PBXFileReference; lastKnownFileType = sourcecode.swift; path = StarryConfigSheetController.swift; sourceTree = "<group>"; };
		3E597E10227BAE390092CA49 /* StarryDefaultsManager.swift */ = {isa = PBXFileReference; lastKnownFileType = sourcecode.swift; path = StarryDefaultsManager.swift; sourceTree = "<group>"; };
		3EAA85F122792D13009F5745 /* StarryExcuseForAMacScreensaver.saver */ = {isa = PBXFileReference; explicitFileType = wrapper.cfbundle; includeInIndex = 0; path = StarryExcuseForAMacScreensaver.saver; sourceTree = BUILT_PRODUCTS_DIR; };
		3EAA85F822792D13009F5745 /* Info.plist */ = {isa = PBXFileReference; lastKnownFileType = text.plist.xml; path = Info.plist; sourceTree = "<group>"; };
		3EAA85FE22792D30009F5745 /* StarryExcuseForAView.swift */ = {isa = PBXFileReference; lastKnownFileType = sourcecode.swift; path = StarryExcuseForAView.swift; sourceTree = "<group>"; };
		3EAA860022795E14009F5745 /* Buildings.swift */ = {isa = PBXFileReference; lastKnownFileType = sourcecode.swift; path = Buildings.swift; sourceTree = "<group>"; };
		3EAA860222795E3C009F5745 /* Skyline.swift */ = {isa = PBXFileReference; lastKnownFileType = sourcecode.swift; path = Skyline.swift; sourceTree = "<group>"; };
		3EAA860422795E4C009F5745 /* Points.swift */ = {isa = PBXFileReference; lastKnownFileType = sourcecode.swift; path = Points.swift; sourceTree = "<group>"; };
		3EAA86062279605D009F5745 /* SkylineCoreRenderer.swift */ = {isa = PBXFileReference; lastKnownFileType = sourcecode.swift; path = SkylineCoreRenderer.swift; sourceTree = "<group>"; };
		A1B2C3D30000000100000001 /* Moon.swift */ = {isa = PBXFileReference; lastKnownFileType = sourcecode.swift; path = Moon.swift; sourceTree = "<group>"; };
		F9104B3E2E54D3A0007322E2 /* aider-prompts.md */ = {isa = PBXFileReference; lastKnownFileType = net.daringfireball.markdown; path = "aider-prompts.md"; sourceTree = "<group>"; };
		F9104B462E54F27C007322E2 /* SatellitesLayerRenderer.swift */ = {isa = PBXFileReference; lastKnownFileType = sourcecode.swift; path = SatellitesLayerRenderer.swift; sourceTree = "<group>"; };
		F9295FE32E4E567500083F85 /* StarryEngine.swift */ = {isa = PBXFileReference; lastKnownFileType = sourcecode.swift; path = StarryEngine.swift; sourceTree = "<group>"; };
		F9295FE52E4E68BD00083F85 /* MoonLayerRenderer.swift */ = {isa = PBXFileReference; lastKnownFileType = sourcecode.swift; path = MoonLayerRenderer.swift; sourceTree = "<group>"; };
		F9295FE72E4FA78800083F85 /* ShootingStarsLayerRenderer.swift */ = {isa = PBXFileReference; lastKnownFileType = sourcecode.swift; path = ShootingStarsLayerRenderer.swift; sourceTree = "<group>"; };
		F9E3C8F02E4D34D500FDBD91 /* MoonTexture.swift */ = {isa = PBXFileReference; lastKnownFileType = sourcecode.swift; path = MoonTexture.swift; sourceTree = "<group>"; };
/* End PBXFileReference section */

/* Begin PBXFrameworksBuildPhase section */
		3EAA85EE22792D13009F5745 /* Frameworks */ = {
			isa = PBXFrameworksBuildPhase;
			buildActionMask = 2147483647;
			files = (
			);
			runOnlyForDeploymentPostprocessing = 0;
		};
/* End PBXFrameworksBuildPhase section */

/* Begin PBXGroup section */
		3EAA85E722792D13009F5745 = {
			isa = PBXGroup;
			children = (
				F9104B3E2E54D3A0007322E2 /* aider-prompts.md */,
				3EAA85F322792D13009F5745 /* StarryExcuseForAMacScreensaver */,
				3EAA85F222792D13009F5745 /* Products */,
			);
			sourceTree = "<group>";
		};
		3EAA85F222792D13009F5745 /* Products */ = {
			isa = PBXGroup;
			children = (
				3EAA85F122792D13009F5745 /* StarryExcuseForAMacScreensaver.saver */,
			);
			name = Products;
			sourceTree = "<group>";
		};
		3EAA85F322792D13009F5745 /* StarryExcuseForAMacScreensaver */ = {
			isa = PBXGroup;
			children = (
				F9295FE72E4FA78800083F85 /* ShootingStarsLayerRenderer.swift */,
				F9295FE32E4E567500083F85 /* StarryEngine.swift */,
				F9E3C8F02E4D34D500FDBD91 /* MoonTexture.swift */,
				3E597E0C227BA6210092CA49 /* StarryExcusesConfigSheet.xib */,
				3EAA85F822792D13009F5745 /* Info.plist */,
				3EAA85FE22792D30009F5745 /* StarryExcuseForAView.swift */,
				3EAA860022795E14009F5745 /* Buildings.swift */,
				3EAA860222795E3C009F5745 /* Skyline.swift */,
				3EAA860422795E4C009F5745 /* Points.swift */,
				3EAA86062279605D009F5745 /* SkylineCoreRenderer.swift */,
				3E597E0E227BA8780092CA49 /* StarryConfigSheetController.swift */,
				3E597E10227BAE390092CA49 /* StarryDefaultsManager.swift */,
				A1B2C3D30000000100000001 /* Moon.swift */,
				F9295FE52E4E68BD00083F85 /* MoonLayerRenderer.swift */,
				F9104B462E54F27C007322E2 /* SatellitesLayerRenderer.swift */,
			);
			path = StarryExcuseForAMacScreensaver;
			sourceTree = "<group>";
		};
/* End PBXGroup section */

/* Begin PBXHeadersBuildPhase section */
		3EAA85EC22792D13009F5745 /* Headers */ = {
			isa = PBXHeadersBuildPhase;
			buildActionMask = 2147483647;
			files = (
			);
			runOnlyForDeploymentPostprocessing = 0;
		};
/* End PBXHeadersBuildPhase section */

/* Begin PBXNativeTarget section */
		3EAA85F022792D13009F5745 /* StarryExcuseForAMacScreensaver */ = {
			isa = PBXNativeTarget;
			buildConfigurationList = 3EAA85FB22792D13009F5745 /* Build configuration list for PBXNativeTarget "StarryExcuseForAMacScreensaver" */;
			buildPhases = (
				3EAA85EC22792D13009F5745 /* Headers */,
				3EAA85ED22792D13009F5745 /* Sources */,
				3EAA85EE22792D13009F5745 /* Frameworks */,
				3EAA85EF22792D13009F5745 /* Resources */,
			);
			buildRules = (
			);
			dependencies = (
			);
			name = StarryExcuseForAMacScreensaver;
			productName = StarryExcuseForAMacScreensaver;
			productReference = 3EAA85F122792D13009F5745 /* StarryExcuseForAMacScreensaver.saver */;
			productType = "com.apple.product-type.bundle";
		};
/* End PBXNativeTarget section */

/* Begin PBXProject section */
		3EAA85E822792D13009F5745 /* Project object */ = {
			isa = PBXProject;
			attributes = {
				BuildIndependentTargetsInParallel = YES;
				LastUpgradeCheck = 1640;
				ORGANIZATIONNAME = "Andrew Malota";
				TargetAttributes = {
					3EAA85F022792D13009F5745 = {
						CreatedOnToolsVersion = 10.2.1;
						LastSwiftMigration = 1020;
					};
				};
			};
			buildConfigurationList = 3EAA85EB22792D13009F5745 /* Build configuration list for PBXProject "StarryExcuseForAMacScreensaver" */;
			compatibilityVersion = "Xcode 9.3";
			developmentRegion = en;
			hasScannedForEncodings = 0;
			knownRegions = (
				en,
				Base,
			);
			mainGroup = 3EAA85E722792D13009F5745;
			productRefGroup = 3EAA85F222792D13009F5745 /* Products */;
			projectDirPath = "";
			projectRoot = "";
			targets = (
				3EAA85F022792D13009F5745 /* StarryExcuseForAMacScreensaver */,
			);
		};
/* End PBXProject section */

/* Begin PBXResourcesBuildPhase section */
		3EAA85EF22792D13009F5745 /* Resources */ = {
			isa = PBXResourcesBuildPhase;
			buildActionMask = 2147483647;
			files = (
				F9104B3F2E54D3A0007322E2 /* aider-prompts.md in Resources */,
				3E597E0D227BA6210092CA49 /* StarryExcusesConfigSheet.xib in Resources */,
			);
			runOnlyForDeploymentPostprocessing = 0;
		};
/* End PBXResourcesBuildPhase section */

/* Begin PBXSourcesBuildPhase section */
		3EAA85ED22792D13009F5745 /* Sources */ = {
			isa = PBXSourcesBuildPhase;
			buildActionMask = 2147483647;
			files = (
				3EAA860522795E4C009F5745 /* Points.swift in Sources */,
				3EAA85FF22792D30009F5745 /* StarryExcuseForAView.swift in Sources */,
				3EAA860322795E3C009F5745 /* Skyline.swift in Sources */,
				F9295FE42E4E567500083F85 /* StarryEngine.swift in Sources */,
				3EAA860122795E14009F5745 /* Buildings.swift in Sources */,
				3E597E12227BD9C70092CA49 /* StarryDefaultsManager.swift in Sources */,
				F9295FE82E4FA78800083F85 /* ShootingStarsLayerRenderer.swift in Sources */,
				F9104B472E54F27C007322E2 /* SatellitesLayerRenderer.swift in Sources */,
				3E597E0F227BA8780092CA49 /* StarryConfigSheetController.swift in Sources */,
				F9E3C8F12E4D34D500FDBD91 /* MoonTexture.swift in Sources */,
				3EAA86072279605D009F5745 /* SkylineCoreRenderer.swift in Sources */,
				A1B2C3D40000000100000001 /* Moon.swift in Sources */,
				F9295FE62E4E68BD00083F85 /* MoonLayerRenderer.swift in Sources */,
			);
			runOnlyForDeploymentPostprocessing = 0;
		};
/* End PBXSourcesBuildPhase section */

/* Begin XCBuildConfiguration section */
		3EAA85F922792D13009F5745 /* Debug */ = {
			isa = XCBuildConfiguration;
			buildSettings = {
				ALWAYS_SEARCH_USER_PATHS = NO;
				CLANG_ANALYZER_NONNULL = YES;
				CLANG_ANALYZER_NUMBER_OBJECT_CONVERSION = YES_AGGRESSIVE;
				CLANG_CXX_LANGUAGE_STANDARD = "gnu++14";
				CLANG_CXX_LIBRARY = "libc++";
				CLANG_ENABLE_MODULES = YES;
				CLANG_ENABLE_OBJC_ARC = YES;
				CLANG_ENABLE_OBJC_WEAK = YES;
				CLANG_WARN_BLOCK_CAPTURE_AUTORELEASING = YES;
				CLANG_WARN_BOOL_CONVERSION = YES;
				CLANG_WARN_COMMA = YES;
				CLANG_WARN_CONSTANT_CONVERSION = YES;
				CLANG_WARN_DEPRECATED_OBJC_IMPLEMENTATIONS = YES;
				CLANG_WARN_DIRECT_OBJC_ISA_USAGE = YES_ERROR;
				CLANG_WARN_DOCUMENTATION_COMMENTS = YES;
				CLANG_WARN_EMPTY_BODY = YES;
				CLANG_WARN_ENUM_CONVERSION = YES;
				CLANG_WARN_INFINITE_RECURSION = YES;
				CLANG_WARN_INT_CONVERSION = YES;
				CLANG_WARN_NON_LITERAL_NULL_CONVERSION = YES;
				CLANG_WARN_OBJC_IMPLICIT_RETAIN_SELF = YES;
				CLANG_WARN_OBJC_LITERAL_CONVERSION = YES;
				CLANG_WARN_OBJC_ROOT_CLASS = YES_ERROR;
				CLANG_WARN_QUOTED_INCLUDE_IN_FRAMEWORK_HEADER = YES;
				CLANG_WARN_RANGE_LOOP_ANALYSIS = YES;
				CLANG_WARN_STRICT_PROTOTYPES = YES;
				CLANG_WARN_SUSPICIOUS_MOVE = YES;
				CLANG_WARN_UNGUARDED_AVAILABILITY = YES_AGGRESSIVE;
				CLANG_WARN_UNREACHABLE_CODE = YES;
				CLANG_WARN__DUPLICATE_METHOD_MATCH = YES;
				CODE_SIGN_IDENTITY = "Mac Developer";
				COPY_PHASE_STRIP = NO;
				DEAD_CODE_STRIPPING = YES;
				DEBUG_INFORMATION_FORMAT = dwarf;
				DEVELOPMENT_TEAM = P9X3RB9T75;
				ENABLE_STRICT_OBJC_MSGSEND = YES;
				ENABLE_TESTABILITY = YES;
				ENABLE_USER_SCRIPT_SANDBOXING = YES;
				GCC_C_LANGUAGE_STANDARD = gnu11;
				GCC_DYNAMIC_NO_PIC = NO;
				GCC_NO_COMMON_BLOCKS = YES;
				GCC_OPTIMIZATION_LEVEL = 0;
				GCC_PREPROCESSOR_DEFINITIONS = (
					"DEBUG=1",
					"$(inherited)",
				);
				GCC_WARN_64_TO_32_BIT_CONVERSION = YES;
				GCC_WARN_ABOUT_RETURN_TYPE = YES_ERROR;
				GCC_WARN_UNDECLARED_SELECTOR = YES;
				GCC_WARN_UNINITIALIZED_AUTOS = YES_AGGRESSIVE;
				GCC_WARN_UNUSED_FUNCTION = YES;
				GCC_WARN_UNUSED_VARIABLE = YES;
				MACOSX_DEPLOYMENT_TARGET = 12.3;
				MTL_ENABLE_DEBUG_INFO = INCLUDE_SOURCE;
				MTL_FAST_MATH = YES;
				ONLY_ACTIVE_ARCH = NO;
				SDKROOT = macosx;
			};
			name = Debug;
		};
		3EAA85FA22792D13009F5745 /* Release */ = {
			isa = XCBuildConfiguration;
			buildSettings = {
				ALWAYS_SEARCH_USER_PATHS = NO;
				CLANG_ANALYZER_NONNULL = YES;
				CLANG_ANALYZER_NUMBER_OBJECT_CONVERSION = YES_AGGRESSIVE;
				CLANG_CXX_LANGUAGE_STANDARD = "gnu++14";
				CLANG_CXX_LIBRARY = "libc++";
				CLANG_ENABLE_MODULES = YES;
				CLANG_ENABLE_OBJC_ARC = YES;
				CLANG_ENABLE_OBJC_WEAK = YES;
				CLANG_WARN_BLOCK_CAPTURE_AUTORELEASING = YES;
				CLANG_WARN_BOOL_CONVERSION = YES;
				CLANG_WARN_COMMA = YES;
				CLANG_WARN_CONSTANT_CONVERSION = YES;
				CLANG_WARN_DEPRECATED_OBJC_IMPLEMENTATIONS = YES;
				CLANG_WARN_DIRECT_OBJC_ISA_USAGE = YES_ERROR;
				CLANG_WARN_DOCUMENTATION_COMMENTS = YES;
				CLANG_WARN_EMPTY_BODY = YES;
				CLANG_WARN_ENUM_CONVERSION = YES;
				CLANG_WARN_INFINITE_RECURSION = YES;
				CLANG_WARN_INT_CONVERSION = YES;
				CLANG_WARN_NON_LITERAL_NULL_CONVERSION = YES;
				CLANG_WARN_OBJC_IMPLICIT_RETAIN_SELF = YES;
				CLANG_WARN_OBJC_LITERAL_CONVERSION = YES;
				CLANG_WARN_OBJC_ROOT_CLASS = YES_ERROR;
				CLANG_WARN_QUOTED_INCLUDE_IN_FRAMEWORK_HEADER = YES;
				CLANG_WARN_RANGE_LOOP_ANALYSIS = YES;
				CLANG_WARN_STRICT_PROTOTYPES = YES;
				CLANG_WARN_SUSPICIOUS_MOVE = YES;
				CLANG_WARN_UNGUARDED_AVAILABILITY = YES_AGGRESSIVE;
				CLANG_WARN_UNREACHABLE_CODE = YES;
				CLANG_WARN__DUPLICATE_METHOD_MATCH = YES;
				CODE_SIGN_IDENTITY = "Mac Developer";
				COPY_PHASE_STRIP = NO;
				DEAD_CODE_STRIPPING = YES;
				DEBUG_INFORMATION_FORMAT = "dwarf-with-dsym";
				DEVELOPMENT_TEAM = P9X3RB9T75;
				ENABLE_NS_ASSERTIONS = NO;
				ENABLE_STRICT_OBJC_MSGSEND = YES;
				ENABLE_USER_SCRIPT_SANDBOXING = YES;
				GCC_C_LANGUAGE_STANDARD = gnu11;
				GCC_NO_COMMON_BLOCKS = YES;
				GCC_WARN_64_TO_32_BIT_CONVERSION = YES;
				GCC_WARN_ABOUT_RETURN_TYPE = YES_ERROR;
				GCC_WARN_UNDECLARED_SELECTOR = YES;
				GCC_WARN_UNINITIALIZED_AUTOS = YES_AGGRESSIVE;
				GCC_WARN_UNUSED_FUNCTION = YES;
				GCC_WARN_UNUSED_VARIABLE = YES;
				MACOSX_DEPLOYMENT_TARGET = 12.3;
				MTL_ENABLE_DEBUG_INFO = NO;
				MTL_FAST_MATH = YES;
				ONLY_ACTIVE_ARCH = NO;
				SDKROOT = macosx;
				SWIFT_COMPILATION_MODE = wholemodule;
			};
			name = Release;
		};
		3EAA85FC22792D13009F5745 /* Debug */ = {
			isa = XCBuildConfiguration;
			buildSettings = {
				CLANG_ENABLE_MODULES = YES;
				CODE_SIGN_IDENTITY = "Apple Development: 2bitoperations@gmail.com (4JXQZU8S67)";
				"CODE_SIGN_IDENTITY[sdk=macosx*]" = "Apple Development";
				CODE_SIGN_STYLE = Automatic;
				COMBINE_HIDPI_IMAGES = YES;
				DEAD_CODE_STRIPPING = YES;
				INFOPLIST_FILE = StarryExcuseForAMacScreensaver/Info.plist;
				INSTALL_PATH = "$(HOME)/Library/Screen Savers";
				LD_RUNPATH_SEARCH_PATHS = (
					"$(inherited)",
					"@executable_path/../Frameworks",
					"@loader_path/../Frameworks",
				);
				MACOSX_DEPLOYMENT_TARGET = 15.0;
				PRODUCT_BUNDLE_IDENTIFIER = com.2bitoperations.screensaver.StarryExcuseForAMacScreensaver;
				PRODUCT_NAME = "$(TARGET_NAME)";
				SWIFT_OPTIMIZATION_LEVEL = "-Onone";
				SWIFT_VERSION = 5.0;
				WRAPPER_EXTENSION = saver;
			};
			name = Debug;
		};
		3EAA85FD22792D13009F5745 /* Release */ = {
			isa = XCBuildConfiguration;
			buildSettings = {
				CLANG_ENABLE_MODULES = YES;
				CODE_SIGN_IDENTITY = "Apple Development: 2bitoperations@gmail.com (4JXQZU8S67)";
				"CODE_SIGN_IDENTITY[sdk=macosx*]" = "Apple Development";
				CODE_SIGN_STYLE = Automatic;
				COMBINE_HIDPI_IMAGES = YES;
				DEAD_CODE_STRIPPING = YES;
				INFOPLIST_FILE = StarryExcuseForAMacScreensaver/Info.plist;
				INSTALL_PATH = "$(HOME)/Library/Screen Savers";
				LD_RUNPATH_SEARCH_PATHS = (
					"$(inherited)",
					"@executable_path/../Frameworks",
					"@loader_path/../Frameworks",
				);
				MACOSX_DEPLOYMENT_TARGET = 15.0;
				PRODUCT_BUNDLE_IDENTIFIER = com.2bitoperations.screensaver.StarryExcuseForAMacScreensaver;
				PRODUCT_NAME = "$(TARGET_NAME)";
				SWIFT_VERSION = 5.0;
				WRAPPER_EXTENSION = saver;
			};
			name = Release;
		};
/* End XCBuildConfiguration section */

/* Begin XCConfigurationList section */
		3EAA85EB22792D13009F5745 /* Build configuration list for PBXProject "StarryExcuseForAMacScreensaver" */ = {
			isa = XCConfigurationList;
			buildConfigurations = (
				3EAA85F922792D13009F5745 /* Debug */,
				3EAA85FA22792D13009F5745 /* Release */,
			);
			defaultConfigurationIsVisible = 0;
			defaultConfigurationName = Release;
		};
		3EAA85FB22792D13009F5745 /* Build configuration list for PBXNativeTarget "StarryExcuseForAMacScreensaver" */ = {
			isa = XCConfigurationList;
			buildConfigurations = (
				3EAA85FC22792D13009F5745 /* Debug */,
				3EAA85FD22792D13009F5745 /* Release */,
			);
			defaultConfigurationIsVisible = 0;
			defaultConfigurationName = Release;
		};
/* End XCConfigurationList section */
	};
	rootObject = 3EAA85E822792D13009F5745 /* Project object */;
}
